
Microsoft Visual Studio Solution File, Format Version 12.00
# Visual Studio 2015
Project("{FAE04EC0-301F-11D3-BF4B-00C04F79EFBC}") = "GameProjectDevelopmentAssignment 1.1.CSharp.Plugins", "GameProjectDevelopmentAssignment 1.1.CSharp.Plugins.csproj", "{10996DB2-88F7-A6E5-0AE6-FBE33C474659}"
EndProject
Project("{FAE04EC0-301F-11D3-BF4B-00C04F79EFBC}") = "GameProjectDevelopmentAssignment 1.1.CSharp", "GameProjectDevelopmentAssignment 1.1.CSharp.csproj", "{5AD940DB-EA0E-0E93-B41C-F3074E7E7D97}"
EndProject
Project("{FAE04EC0-301F-11D3-BF4B-00C04F79EFBC}") = "GameProjectDevelopmentAssignment 1.1.CSharp.Editor", "GameProjectDevelopmentAssignment 1.1.CSharp.Editor.csproj", "{FBBDB711-F500-49A2-BA2C-CEC6D438EEB7}"
EndProject
Global
	GlobalSection(SolutionConfigurationPlatforms) = preSolution
		Debug|Any CPU = Debug|Any CPU
		Release|Any CPU = Release|Any CPU
	EndGlobalSection
	GlobalSection(ProjectConfigurationPlatforms) = postSolution
		{10996DB2-88F7-A6E5-0AE6-FBE33C474659}.Debug|Any CPU.ActiveCfg = Debug|Any CPU
		{10996DB2-88F7-A6E5-0AE6-FBE33C474659}.Debug|Any CPU.Build.0 = Debug|Any CPU
		{10996DB2-88F7-A6E5-0AE6-FBE33C474659}.Release|Any CPU.ActiveCfg = Release|Any CPU
		{10996DB2-88F7-A6E5-0AE6-FBE33C474659}.Release|Any CPU.Build.0 = Release|Any CPU
		{5AD940DB-EA0E-0E93-B41C-F3074E7E7D97}.Debug|Any CPU.ActiveCfg = Debug|Any CPU
		{5AD940DB-EA0E-0E93-B41C-F3074E7E7D97}.Debug|Any CPU.Build.0 = Debug|Any CPU
		{5AD940DB-EA0E-0E93-B41C-F3074E7E7D97}.Release|Any CPU.ActiveCfg = Release|Any CPU
		{5AD940DB-EA0E-0E93-B41C-F3074E7E7D97}.Release|Any CPU.Build.0 = Release|Any CPU
		{FBBDB711-F500-49A2-BA2C-CEC6D438EEB7}.Debug|Any CPU.ActiveCfg = Debug|Any CPU
		{FBBDB711-F500-49A2-BA2C-CEC6D438EEB7}.Debug|Any CPU.Build.0 = Debug|Any CPU
		{FBBDB711-F500-49A2-BA2C-CEC6D438EEB7}.Release|Any CPU.ActiveCfg = Release|Any CPU
		{FBBDB711-F500-49A2-BA2C-CEC6D438EEB7}.Release|Any CPU.Build.0 = Release|Any CPU
	EndGlobalSection
	GlobalSection(SolutionProperties) = preSolution
		HideSolutionNode = FALSE
	EndGlobalSection
EndGlobal
